
Microsoft Visual Studio Solution File, Format Version 12.00
# Visual Studio Version 16
VisualStudioVersion = 16.0.29911.84
MinimumVisualStudioVersion = 10.0.40219.1
Project("{FAE04EC0-301F-11D3-BF4B-00C04F79EFBC}") = "online-y", "online-y\online-y.csproj", "{36BD9B0F-FBD1-4604-9BFC-1956414243AF}"
EndProject
Global
	GlobalSection(SolutionConfigurationPlatforms) = preSolution
		Debug|Any CPU = Debug|Any CPU
		Release|Any CPU = Release|Any CPU
	EndGlobalSection
	GlobalSection(ProjectConfigurationPlatforms) = postSolution
		{36BD9B0F-FBD1-4604-9BFC-1956414243AF}.Debug|Any CPU.ActiveCfg = Debug|Any CPU
		{36BD9B0F-FBD1-4604-9BFC-1956414243AF}.Debug|Any CPU.Build.0 = Debug|Any CPU
		{36BD9B0F-FBD1-4604-9BFC-1956414243AF}.Release|Any CPU.ActiveCfg = Release|Any CPU
		{36BD9B0F-FBD1-4604-9BFC-1956414243AF}.Release|Any CPU.Build.0 = Release|Any CPU
	EndGlobalSection
	GlobalSection(SolutionProperties) = preSolution
		HideSolutionNode = FALSE
	EndGlobalSection
	GlobalSection(ExtensibilityGlobals) = postSolution
		SolutionGuid = {75240440-6A17-4324-B9AC-3C4BBC612912}
	EndGlobalSection
EndGlobal
